
Microsoft Visual Studio Solution File, Format Version 12.00
Project("{FAE04EC0-301F-11D3-BF4B-00C04F79EFBC}") = "CaesarCipher", "CaesarCipher\CaesarCipher.csproj", "{DBD2B992-D9EB-4C3E-AC57-E75669F26175}"
EndProject
Project("{FAE04EC0-301F-11D3-BF4B-00C04F79EFBC}") = "CaesarCipherTests", "CaesarCipherTests\CaesarCipherTests.csproj", "{2E34CE88-A1FB-46B6-B716-330D8E2F2F51}"
EndProject
Global
	GlobalSection(SolutionConfigurationPlatforms) = preSolution
		Debug|Any CPU = Debug|Any CPU
		Release|Any CPU = Release|Any CPU
	EndGlobalSection
	GlobalSection(ProjectConfigurationPlatforms) = postSolution
		{DBD2B992-D9EB-4C3E-AC57-E75669F26175}.Debug|Any CPU.ActiveCfg = Debug|Any CPU
		{DBD2B992-D9EB-4C3E-AC57-E75669F26175}.Debug|Any CPU.Build.0 = Debug|Any CPU
		{DBD2B992-D9EB-4C3E-AC57-E75669F26175}.Release|Any CPU.ActiveCfg = Release|Any CPU
		{DBD2B992-D9EB-4C3E-AC57-E75669F26175}.Release|Any CPU.Build.0 = Release|Any CPU
		{2E34CE88-A1FB-46B6-B716-330D8E2F2F51}.Debug|Any CPU.ActiveCfg = Debug|Any CPU
		{2E34CE88-A1FB-46B6-B716-330D8E2F2F51}.Debug|Any CPU.Build.0 = Debug|Any CPU
		{2E34CE88-A1FB-46B6-B716-330D8E2F2F51}.Release|Any CPU.ActiveCfg = Release|Any CPU
		{2E34CE88-A1FB-46B6-B716-330D8E2F2F51}.Release|Any CPU.Build.0 = Release|Any CPU
	EndGlobalSection
EndGlobal
